{
    "_readme": [
        "This file locks the dependencies of your project to a known state",
        "Read more about it at https://getcomposer.org/doc/01-basic-usage.md#installing-dependencies",
        "This file is @generated automatically"
    ],
    "content-hash": "9b950e8e7b198ada9795eb0727c0b818",
    "packages": [
        {
            "name": "lumioanalytics/lia-php-client",
            "version": "dev-master",
            "source": {
                "type": "git",
                "url": "https://github.com/Lumio-Analytics/lia-php-client.git",
                "reference": "c5166fb26eeb26b48fda33d367a0493748e89eb2"
            },
            "dist": {
                "type": "zip",
                "url": "https://api.github.com/repos/Lumio-Analytics/lia-php-client/zipball/c5166fb26eeb26b48fda33d367a0493748e89eb2",
                "reference": "c5166fb26eeb26b48fda33d367a0493748e89eb2",
                "shasum": ""
            },
            "require": {
                "ext-curl": "*",
                "ext-json": "*",
                "ext-mbstring": "*",
                "php": ">=5.5"
            },
            "require-dev": {
                "friendsofphp/php-cs-fixer": "~1.12",
                "phpunit/phpunit": "^4.8",
                "squizlabs/php_codesniffer": "~2.6"
            },
            "type": "library",
            "autoload": {
                "psr-4": {
                    "Lumio\\IntegrationAPI\\": "lib/"
                }
            },
            "notification-url": "https://packagist.org/downloads/",
            "license": [
                "proprietary"
            ],
            "authors": [
                {
                    "name": "lumio-analytics",
                    "homepage": "https://lumio-analytics.com"
                }
            ],
            "description": "Lumio instegrations api php client",
            "homepage": "https://lumio-analytics.com",
            "keywords": [
                "api",
                "lumiotracking",
                "php",
                "sdk"
            ],
            "time": "2019-01-23T00:45:25+00:00"
        }
    ],
    "packages-dev": [],
    "aliases": [],
    "minimum-stability": "stable",
    "stability-flags": {
        "lumioanalytics/lia-php-client": 20
    },
    "prefer-stable": false,
    "prefer-lowest": false,
    "platform": [],
    "platform-dev": []
}
