{
    "_readme": [
        "This file locks the dependencies of your project to a known state",
        "Read more about it at https://getcomposer.org/doc/01-basic-usage.md#installing-dependencies",
        "This file is @generated automatically"
    ],
    "content-hash": "6b27654fbe91d56b87d70c1c3d99a52f",
    "packages": [
        {
            "name": "lumioanalytics/lia-php-client",
            "version": "0.0.1",
            "source": {
                "type": "git",
                "url": "https://github.com/Lumio-Analytics/lia-php-client.git",
                "reference": "717d7a4c9e3bd01e3bd535aa9abf420f0f81bcfa"
            },
            "dist": {
                "type": "zip",
                "url": "https://api.github.com/repos/Lumio-Analytics/lia-php-client/zipball/717d7a4c9e3bd01e3bd535aa9abf420f0f81bcfa",
                "reference": "717d7a4c9e3bd01e3bd535aa9abf420f0f81bcfa",
                "shasum": ""
            },
            "require": {
                "ext-curl": "*",
                "ext-json": "*",
                "ext-mbstring": "*",
                "php": ">=5.5"
            },
            "require-dev": {
                "friendsofphp/php-cs-fixer": "~1.12",
                "phpunit/phpunit": "^4.8",
                "squizlabs/php_codesniffer": "~2.6"
            },
            "type": "library",
            "autoload": {
                "psr-4": {
                    "Lumio\\IntegrationAPI\\": "lib/"
                }
            },
            "notification-url": "https://packagist.org/downloads/",
            "license": [
                "proprietary"
            ],
            "authors": [
                {
                    "name": "lumio-analytics",
                    "homepage": "https://lumio-analytics.com"
                }
            ],
            "description": "Lumio instegrations api php client",
            "homepage": "https://lumio-analytics.com",
            "keywords": [
                "api",
                "lumiotracking",
                "php",
                "sdk"
            ],
            "time": "2019-01-29T17:19:55+00:00"
        }
    ],
    "packages-dev": [],
    "aliases": [],
    "minimum-stability": "stable",
    "stability-flags": [],
    "prefer-stable": false,
    "prefer-lowest": false,
    "platform": [],
    "platform-dev": []
}
